
Microsoft Visual Studio Solution File, Format Version 12.00
# Visual Studio 15
VisualStudioVersion = 15.0.26430.12
MinimumVisualStudioVersion = 10.0.40219.1
Project("{FAE04EC0-301F-11D3-BF4B-00C04F79EFBC}") = "Estoque", "Estoque\Estoque.csproj", "{F678489E-C7AF-4551-BC0F-53F5B0F420CD}"
EndProject
Project("{FAE04EC0-301F-11D3-BF4B-00C04F79EFBC}") = "Business", "Business\Business.csproj", "{F50DA859-AC99-4B33-A623-2E9820D380A7}"
EndProject
Global
	GlobalSection(SolutionConfigurationPlatforms) = preSolution
		Debug|Any CPU = Debug|Any CPU
		Release|Any CPU = Release|Any CPU
	EndGlobalSection
	GlobalSection(ProjectConfigurationPlatforms) = postSolution
		{F678489E-C7AF-4551-BC0F-53F5B0F420CD}.Debug|Any CPU.ActiveCfg = Debug|Any CPU
		{F678489E-C7AF-4551-BC0F-53F5B0F420CD}.Debug|Any CPU.Build.0 = Debug|Any CPU
		{F678489E-C7AF-4551-BC0F-53F5B0F420CD}.Release|Any CPU.ActiveCfg = Release|Any CPU
		{F678489E-C7AF-4551-BC0F-53F5B0F420CD}.Release|Any CPU.Build.0 = Release|Any CPU
		{F50DA859-AC99-4B33-A623-2E9820D380A7}.Debug|Any CPU.ActiveCfg = Debug|Any CPU
		{F50DA859-AC99-4B33-A623-2E9820D380A7}.Debug|Any CPU.Build.0 = Debug|Any CPU
		{F50DA859-AC99-4B33-A623-2E9820D380A7}.Release|Any CPU.ActiveCfg = Release|Any CPU
		{F50DA859-AC99-4B33-A623-2E9820D380A7}.Release|Any CPU.Build.0 = Release|Any CPU
	EndGlobalSection
	GlobalSection(SolutionProperties) = preSolution
		HideSolutionNode = FALSE
	EndGlobalSection
EndGlobal
